
Microsoft Visual Studio Solution File, Format Version 12.00
# Visual Studio Version 17
VisualStudioVersion = 17.0.32126.317
MinimumVisualStudioVersion = 10.0.40219.1
Project("{FAE04EC0-301F-11D3-BF4B-00C04F79EFBC}") = "Practica_3", "Practica_3\Practica_3.csproj", "{5F11088D-E1A4-4F66-9F73-362BF790DAE9}"
EndProject
Global
	GlobalSection(SolutionConfigurationPlatforms) = preSolution
		Debug|Any CPU = Debug|Any CPU
		Release|Any CPU = Release|Any CPU
	EndGlobalSection
	GlobalSection(ProjectConfigurationPlatforms) = postSolution
		{5F11088D-E1A4-4F66-9F73-362BF790DAE9}.Debug|Any CPU.ActiveCfg = Debug|Any CPU
		{5F11088D-E1A4-4F66-9F73-362BF790DAE9}.Debug|Any CPU.Build.0 = Debug|Any CPU
		{5F11088D-E1A4-4F66-9F73-362BF790DAE9}.Release|Any CPU.ActiveCfg = Release|Any CPU
		{5F11088D-E1A4-4F66-9F73-362BF790DAE9}.Release|Any CPU.Build.0 = Release|Any CPU
	EndGlobalSection
	GlobalSection(SolutionProperties) = preSolution
		HideSolutionNode = FALSE
	EndGlobalSection
	GlobalSection(ExtensibilityGlobals) = postSolution
		SolutionGuid = {D6C83B0C-480A-4AA8-9CCB-A2EFFC11DCEC}
	EndGlobalSection
EndGlobal
